// !$*UTF8*$!
{
	archiveVersion = 1;
	classes = {
	};
	objectVersion = 50;
	objects = {

/* Begin PBXBuildFile section */
		0202479FFF96C0D0409FE420 /* Pods_A_Category.framework in Frameworks */ = {isa = PBXBuildFile; fileRef = 710466632AE40C6EA95AAED1 /* Pods_A_Category.framework */; };
		CD37AA2D224885F10011574A /* AppDelegate.m in Sources */ = {isa = PBXBuildFile; fileRef = CD37AA2C224885F10011574A /* AppDelegate.m */; };
		CD37AA30224885F10011574A /* ViewController.m in Sources */ = {isa = PBXBuildFile; fileRef = CD37AA2F224885F10011574A /* ViewController.m */; };
		CD37AA33224885F10011574A /* Main.storyboard in Resources */ = {isa = PBXBuildFile; fileRef = CD37AA31224885F10011574A /* Main.storyboard */; };
		CD37AA35224885F10011574A /* Assets.xcassets in Resources */ = {isa = PBXBuildFile; fileRef = CD37AA34224885F10011574A /* Assets.xcassets */; };
		CD37AA38224885F10011574A /* LaunchScreen.storyboard in Resources */ = {isa = PBXBuildFile; fileRef = CD37AA36224885F10011574A /* LaunchScreen.storyboard */; };
		CD37AA3B224885F10011574A /* main.m in Sources */ = {isa = PBXBuildFile; fileRef = CD37AA3A224885F10011574A /* main.m */; };
		CD37AA45224885F20011574A /* A_CategoryTests.m in Sources */ = {isa = PBXBuildFile; fileRef = CD37AA44224885F20011574A /* A_CategoryTests.m */; };
		CD37AA50224885F20011574A /* A_CategoryUITests.m in Sources */ = {isa = PBXBuildFile; fileRef = CD37AA4F224885F20011574A /* A_CategoryUITests.m */; };
		CD37AA602248A38C0011574A /* CTMediator+A.m in Sources */ = {isa = PBXBuildFile; fileRef = CD37AA5F2248A38C0011574A /* CTMediator+A.m */; };
/* End PBXBuildFile section */

/* Begin PBXContainerItemProxy section */
		CD37AA41224885F20011574A /* PBXContainerItemProxy */ = {
			isa = PBXContainerItemProxy;
			containerPortal = CD37AA20224885F10011574A /* Project object */;
			proxyType = 1;
			remoteGlobalIDString = CD37AA27224885F10011574A;
			remoteInfo = A_Category;
		};
		CD37AA4C224885F20011574A /* PBXContainerItemProxy */ = {
			isa = PBXContainerItemProxy;
			containerPortal = CD37AA20224885F10011574A /* Project object */;
			proxyType = 1;
			remoteGlobalIDString = CD37AA27224885F10011574A;
			remoteInfo = A_Category;
		};
/* End PBXContainerItemProxy section */

/* Begin PBXFileReference section */
		6620BF13884E70638381A957 /* Pods-A_Category.release.xcconfig */ = {isa = PBXFileReference; includeInIndex = 1; lastKnownFileType = text.xcconfig; name = "Pods-A_Category.release.xcconfig"; path = "Target Support Files/Pods-A_Category/Pods-A_Category.release.xcconfig"; sourceTree = "<group>"; };
		710466632AE40C6EA95AAED1 /* Pods_A_Category.framework */ = {isa = PBXFileReference; explicitFileType = wrapper.framework; includeInIndex = 0; path = Pods_A_Category.framework; sourceTree = BUILT_PRODUCTS_DIR; };
		CD37AA28224885F10011574A /* A_Category.app */ = {isa = PBXFileReference; explicitFileType = wrapper.application; includeInIndex = 0; path = A_Category.app; sourceTree = BUILT_PRODUCTS_DIR; };
		CD37AA2B224885F10011574A /* AppDelegate.h */ = {isa = PBXFileReference; lastKnownFileType = sourcecode.c.h; path = AppDelegate.h; sourceTree = "<group>"; };
		CD37AA2C224885F10011574A /* AppDelegate.m */ = {isa = PBXFileReference; lastKnownFileType = sourcecode.c.objc; path = AppDelegate.m; sourceTree = "<group>"; };
		CD37AA2E224885F10011574A /* ViewController.h */ = {isa = PBXFileReference; lastKnownFileType = sourcecode.c.h; path = ViewController.h; sourceTree = "<group>"; };
		CD37AA2F224885F10011574A /* ViewController.m */ = {isa = PBXFileReference; lastKnownFileType = sourcecode.c.objc; path = ViewController.m; sourceTree = "<group>"; };
		CD37AA32224885F10011574A /* Base */ = {isa = PBXFileReference; lastKnownFileType = file.storyboard; name = Base; path = Base.lproj/Main.storyboard; sourceTree = "<group>"; };
		CD37AA34224885F10011574A /* Assets.xcassets */ = {isa = PBXFileReference; lastKnownFileType = folder.assetcatalog; path = Assets.xcassets; sourceTree = "<group>"; };
		CD37AA37224885F10011574A /* Base */ = {isa = PBXFileReference; lastKnownFileType = file.storyboard; name = Base; path = Base.lproj/LaunchScreen.storyboard; sourceTree = "<group>"; };
		CD37AA39224885F10011574A /* Info.plist */ = {isa = PBXFileReference; lastKnownFileType = text.plist.xml; path = Info.plist; sourceTree = "<group>"; };
		CD37AA3A224885F10011574A /* main.m */ = {isa = PBXFileReference; lastKnownFileType = sourcecode.c.objc; path = main.m; sourceTree = "<group>"; };
		CD37AA40224885F20011574A /* A_CategoryTests.xctest */ = {isa = PBXFileReference; explicitFileType = wrapper.cfbundle; includeInIndex = 0; path = A_CategoryTests.xctest; sourceTree = BUILT_PRODUCTS_DIR; };
		CD37AA44224885F20011574A /* A_CategoryTests.m */ = {isa = PBXFileReference; lastKnownFileType = sourcecode.c.objc; path = A_CategoryTests.m; sourceTree = "<group>"; };
		CD37AA46224885F20011574A /* Info.plist */ = {isa = PBXFileReference; lastKnownFileType = text.plist.xml; path = Info.plist; sourceTree = "<group>"; };
		CD37AA4B224885F20011574A /* A_CategoryUITests.xctest */ = {isa = PBXFileReference; explicitFileType = wrapper.cfbundle; includeInIndex = 0; path = A_CategoryUITests.xctest; sourceTree = BUILT_PRODUCTS_DIR; };
		CD37AA4F224885F20011574A /* A_CategoryUITests.m */ = {isa = PBXFileReference; lastKnownFileType = sourcecode.c.objc; path = A_CategoryUITests.m; sourceTree = "<group>"; };
		CD37AA51224885F20011574A /* Info.plist */ = {isa = PBXFileReference; lastKnownFileType = text.plist.xml; path = Info.plist; sourceTree = "<group>"; };
		CD37AA5E2248A38C0011574A /* CTMediator+A.h */ = {isa = PBXFileReference; lastKnownFileType = sourcecode.c.h; path = "CTMediator+A.h"; sourceTree = "<group>"; };
		CD37AA5F2248A38C0011574A /* CTMediator+A.m */ = {isa = PBXFileReference; lastKnownFileType = sourcecode.c.objc; path = "CTMediator+A.m"; sourceTree = "<group>"; };
		E64425265ECC34BDB95C94AE /* Pods-A_Category.debug.xcconfig */ = {isa = PBXFileReference; includeInIndex = 1; lastKnownFileType = text.xcconfig; name = "Pods-A_Category.debug.xcconfig"; path = "Target Support Files/Pods-A_Category/Pods-A_Category.debug.xcconfig"; sourceTree = "<group>"; };
/* End PBXFileReference section */

/* Begin PBXFrameworksBuildPhase section */
		CD37AA25224885F10011574A /* Frameworks */ = {
			isa = PBXFrameworksBuildPhase;
			buildActionMask = 2147483647;
			files = (
				0202479FFF96C0D0409FE420 /* Pods_A_Category.framework in Frameworks */,
			);
			runOnlyForDeploymentPostprocessing = 0;
		};
		CD37AA3D224885F20011574A /* Frameworks */ = {
			isa = PBXFrameworksBuildPhase;
			buildActionMask = 2147483647;
			files = (
			);
			runOnlyForDeploymentPostprocessing = 0;
		};
		CD37AA48224885F20011574A /* Frameworks */ = {
			isa = PBXFrameworksBuildPhase;
			buildActionMask = 2147483647;
			files = (
			);
			runOnlyForDeploymentPostprocessing = 0;
		};
/* End PBXFrameworksBuildPhase section */

/* Begin PBXGroup section */
		8C77852DECD8F5F26632708B /* Pods */ = {
			isa = PBXGroup;
			children = (
				E64425265ECC34BDB95C94AE /* Pods-A_Category.debug.xcconfig */,
				6620BF13884E70638381A957 /* Pods-A_Category.release.xcconfig */,
			);
			path = Pods;
			sourceTree = "<group>";
		};
		C17E80CE29D5C01E0C9E9407 /* Frameworks */ = {
			isa = PBXGroup;
			children = (
				710466632AE40C6EA95AAED1 /* Pods_A_Category.framework */,
			);
			name = Frameworks;
			sourceTree = "<group>";
		};
		CD37AA1F224885F10011574A = {
			isa = PBXGroup;
			children = (
				CD37AA2A224885F10011574A /* A_Category */,
				CD37AA43224885F20011574A /* A_CategoryTests */,
				CD37AA4E224885F20011574A /* A_CategoryUITests */,
				CD37AA29224885F10011574A /* Products */,
				8C77852DECD8F5F26632708B /* Pods */,
				C17E80CE29D5C01E0C9E9407 /* Frameworks */,
			);
			sourceTree = "<group>";
		};
		CD37AA29224885F10011574A /* Products */ = {
			isa = PBXGroup;
			children = (
				CD37AA28224885F10011574A /* A_Category.app */,
				CD37AA40224885F20011574A /* A_CategoryTests.xctest */,
				CD37AA4B224885F20011574A /* A_CategoryUITests.xctest */,
			);
			name = Products;
			sourceTree = "<group>";
		};
		CD37AA2A224885F10011574A /* A_Category */ = {
			isa = PBXGroup;
			children = (
				CD37AA5D2248A37E0011574A /* A_Category */,
				CD37AA2B224885F10011574A /* AppDelegate.h */,
				CD37AA2C224885F10011574A /* AppDelegate.m */,
				CD37AA2E224885F10011574A /* ViewController.h */,
				CD37AA2F224885F10011574A /* ViewController.m */,
				CD37AA31224885F10011574A /* Main.storyboard */,
				CD37AA34224885F10011574A /* Assets.xcassets */,
				CD37AA36224885F10011574A /* LaunchScreen.storyboard */,
				CD37AA39224885F10011574A /* Info.plist */,
				CD37AA3A224885F10011574A /* main.m */,
			);
			path = A_Category;
			sourceTree = "<group>";
		};
		CD37AA43224885F20011574A /* A_CategoryTests */ = {
			isa = PBXGroup;
			children = (
				CD37AA44224885F20011574A /* A_CategoryTests.m */,
				CD37AA46224885F20011574A /* Info.plist */,
			);
			path = A_CategoryTests;
			sourceTree = "<group>";
		};
		CD37AA4E224885F20011574A /* A_CategoryUITests */ = {
			isa = PBXGroup;
			children = (
				CD37AA4F224885F20011574A /* A_CategoryUITests.m */,
				CD37AA51224885F20011574A /* Info.plist */,
			);
			path = A_CategoryUITests;
			sourceTree = "<group>";
		};
		CD37AA5D2248A37E0011574A /* A_Category */ = {
			isa = PBXGroup;
			children = (
				CD37AA5E2248A38C0011574A /* CTMediator+A.h */,
				CD37AA5F2248A38C0011574A /* CTMediator+A.m */,
			);
			path = A_Category;
			sourceTree = "<group>";
		};
/* End PBXGroup section */

/* Begin PBXNativeTarget section */
		CD37AA27224885F10011574A /* A_Category */ = {
			isa = PBXNativeTarget;
			buildConfigurationList = CD37AA54224885F20011574A /* Build configuration list for PBXNativeTarget "A_Category" */;
			buildPhases = (
				41581F1345DE76611B27405B /* [CP] Check Pods Manifest.lock */,
				CD37AA24224885F10011574A /* Sources */,
				CD37AA25224885F10011574A /* Frameworks */,
				CD37AA26224885F10011574A /* Resources */,
				1B5F360AAE207FAB0AB23F37 /* [CP] Embed Pods Frameworks */,
			);
			buildRules = (
			);
			dependencies = (
			);
			name = A_Category;
			productName = A_Category;
			productReference = CD37AA28224885F10011574A /* A_Category.app */;
			productType = "com.apple.product-type.application";
		};
		CD37AA3F224885F20011574A /* A_CategoryTests */ = {
			isa = PBXNativeTarget;
			buildConfigurationList = CD37AA57224885F20011574A /* Build configuration list for PBXNativeTarget "A_CategoryTests" */;
			buildPhases = (
				CD37AA3C224885F20011574A /* Sources */,
				CD37AA3D224885F20011574A /* Frameworks */,
				CD37AA3E224885F20011574A /* Resources */,
			);
			buildRules = (
			);
			dependencies = (
				CD37AA42224885F20011574A /* PBXTargetDependency */,
			);
			name = A_CategoryTests;
			productName = A_CategoryTests;
			productReference = CD37AA40224885F20011574A /* A_CategoryTests.xctest */;
			productType = "com.apple.product-type.bundle.unit-test";
		};
		CD37AA4A224885F20011574A /* A_CategoryUITests */ = {
			isa = PBXNativeTarget;
			buildConfigurationList = CD37AA5A224885F20011574A /* Build configuration list for PBXNativeTarget "A_CategoryUITests" */;
			buildPhases = (
				CD37AA47224885F20011574A /* Sources */,
				CD37AA48224885F20011574A /* Frameworks */,
				CD37AA49224885F20011574A /* Resources */,
			);
			buildRules = (
			);
			dependencies = (
				CD37AA4D224885F20011574A /* PBXTargetDependency */,
			);
			name = A_CategoryUITests;
			productName = A_CategoryUITests;
			productReference = CD37AA4B224885F20011574A /* A_CategoryUITests.xctest */;
			productType = "com.apple.product-type.bundle.ui-testing";
		};
/* End PBXNativeTarget section */

/* Begin PBXProject section */
		CD37AA20224885F10011574A /* Project object */ = {
			isa = PBXProject;
			attributes = {
				LastUpgradeCheck = 1000;
				ORGANIZATIONNAME = only;
				TargetAttributes = {
					CD37AA27224885F10011574A = {
						CreatedOnToolsVersion = 10.0;
					};
					CD37AA3F224885F20011574A = {
						CreatedOnToolsVersion = 10.0;
						TestTargetID = CD37AA27224885F10011574A;
					};
					CD37AA4A224885F20011574A = {
						CreatedOnToolsVersion = 10.0;
						TestTargetID = CD37AA27224885F10011574A;
					};
				};
			};
			buildConfigurationList = CD37AA23224885F10011574A /* Build configuration list for PBXProject "A_Category" */;
			compatibilityVersion = "Xcode 9.3";
			developmentRegion = en;
			hasScannedForEncodings = 0;
			knownRegions = (
				en,
				Base,
			);
			mainGroup = CD37AA1F224885F10011574A;
			productRefGroup = CD37AA29224885F10011574A /* Products */;
			projectDirPath = "";
			projectRoot = "";
			targets = (
				CD37AA27224885F10011574A /* A_Category */,
				CD37AA3F224885F20011574A /* A_CategoryTests */,
				CD37AA4A224885F20011574A /* A_CategoryUITests */,
			);
		};
/* End PBXProject section */

/* Begin PBXResourcesBuildPhase section */
		CD37AA26224885F10011574A /* Resources */ = {
			isa = PBXResourcesBuildPhase;
			buildActionMask = 2147483647;
			files = (
				CD37AA38224885F10011574A /* LaunchScreen.storyboard in Resources */,
				CD37AA35224885F10011574A /* Assets.xcassets in Resources */,
				CD37AA33224885F10011574A /* Main.storyboard in Resources */,
			);
			runOnlyForDeploymentPostprocessing = 0;
		};
		CD37AA3E224885F20011574A /* Resources */ = {
			isa = PBXResourcesBuildPhase;
			buildActionMask = 2147483647;
			files = (
			);
			runOnlyForDeploymentPostprocessing = 0;
		};
		CD37AA49224885F20011574A /* Resources */ = {
			isa = PBXResourcesBuildPhase;
			buildActionMask = 2147483647;
			files = (
			);
			runOnlyForDeploymentPostprocessing = 0;
		};
/* End PBXResourcesBuildPhase section */

/* Begin PBXShellScriptBuildPhase section */
		1B5F360AAE207FAB0AB23F37 /* [CP] Embed Pods Frameworks */ = {
			isa = PBXShellScriptBuildPhase;
			buildActionMask = 2147483647;
			files = (
			);
			inputFileListPaths = (
			);
			inputPaths = (
				"${PODS_ROOT}/Target Support Files/Pods-A_Category/Pods-A_Category-frameworks.sh",
				"${BUILT_PRODUCTS_DIR}/CTMediator/CTMediator.framework",
			);
			name = "[CP] Embed Pods Frameworks";
			outputFileListPaths = (
			);
			outputPaths = (
				"${TARGET_BUILD_DIR}/${FRAMEWORKS_FOLDER_PATH}/CTMediator.framework",
			);
			runOnlyForDeploymentPostprocessing = 0;
			shellPath = /bin/sh;
			shellScript = "\"${PODS_ROOT}/Target Support Files/Pods-A_Category/Pods-A_Category-frameworks.sh\"\n";
			showEnvVarsInLog = 0;
		};
		41581F1345DE76611B27405B /* [CP] Check Pods Manifest.lock */ = {
			isa = PBXShellScriptBuildPhase;
			buildActionMask = 2147483647;
			files = (
			);
			inputFileListPaths = (
			);
			inputPaths = (
				"${PODS_PODFILE_DIR_PATH}/Podfile.lock",
				"${PODS_ROOT}/Manifest.lock",
			);
			name = "[CP] Check Pods Manifest.lock";
			outputFileListPaths = (
			);
			outputPaths = (
				"$(DERIVED_FILE_DIR)/Pods-A_Category-checkManifestLockResult.txt",
			);
			runOnlyForDeploymentPostprocessing = 0;
			shellPath = /bin/sh;
			shellScript = "diff \"${PODS_PODFILE_DIR_PATH}/Podfile.lock\" \"${PODS_ROOT}/Manifest.lock\" > /dev/null\nif [ $? != 0 ] ; then\n    # print error to STDERR\n    echo \"error: The sandbox is not in sync with the Podfile.lock. Run 'pod install' or update your CocoaPods installation.\" >&2\n    exit 1\nfi\n# This output is used by Xcode 'outputs' to avoid re-running this script phase.\necho \"SUCCESS\" > \"${SCRIPT_OUTPUT_FILE_0}\"\n";
			showEnvVarsInLog = 0;
		};
/* End PBXShellScriptBuildPhase section */

/* Begin PBXSourcesBuildPhase section */
		CD37AA24224885F10011574A /* Sources */ = {
			isa = PBXSourcesBuildPhase;
			buildActionMask = 2147483647;
			files = (
				CD37AA30224885F10011574A /* ViewController.m in Sources */,
				CD37AA602248A38C0011574A /* CTMediator+A.m in Sources */,
				CD37AA3B224885F10011574A /* main.m in Sources */,
				CD37AA2D224885F10011574A /* AppDelegate.m in Sources */,
			);
			runOnlyForDeploymentPostprocessing = 0;
		};
		CD37AA3C224885F20011574A /* Sources */ = {
			isa = PBXSourcesBuildPhase;
			buildActionMask = 2147483647;
			files = (
				CD37AA45224885F20011574A /* A_CategoryTests.m in Sources */,
			);
			runOnlyForDeploymentPostprocessing = 0;
		};
		CD37AA47224885F20011574A /* Sources */ = {
			isa = PBXSourcesBuildPhase;
			buildActionMask = 2147483647;
			files = (
				CD37AA50224885F20011574A /* A_CategoryUITests.m in Sources */,
			);
			runOnlyForDeploymentPostprocessing = 0;
		};
/* End PBXSourcesBuildPhase section */

/* Begin PBXTargetDependency section */
		CD37AA42224885F20011574A /* PBXTargetDependency */ = {
			isa = PBXTargetDependency;
			target = CD37AA27224885F10011574A /* A_Category */;
			targetProxy = CD37AA41224885F20011574A /* PBXContainerItemProxy */;
		};
		CD37AA4D224885F20011574A /* PBXTargetDependency */ = {
			isa = PBXTargetDependency;
			target = CD37AA27224885F10011574A /* A_Category */;
			targetProxy = CD37AA4C224885F20011574A /* PBXContainerItemProxy */;
		};
/* End PBXTargetDependency section */

/* Begin PBXVariantGroup section */
		CD37AA31224885F10011574A /* Main.storyboard */ = {
			isa = PBXVariantGroup;
			children = (
				CD37AA32224885F10011574A /* Base */,
			);
			name = Main.storyboard;
			sourceTree = "<group>";
		};
		CD37AA36224885F10011574A /* LaunchScreen.storyboard */ = {
			isa = PBXVariantGroup;
			children = (
				CD37AA37224885F10011574A /* Base */,
			);
			name = LaunchScreen.storyboard;
			sourceTree = "<group>";
		};
/* End PBXVariantGroup section */

/* Begin XCBuildConfiguration section */
		CD37AA52224885F20011574A /* Debug */ = {
			isa = XCBuildConfiguration;
			buildSettings = {
				ALWAYS_SEARCH_USER_PATHS = NO;
				CLANG_ANALYZER_NONNULL = YES;
				CLANG_ANALYZER_NUMBER_OBJECT_CONVERSION = YES_AGGRESSIVE;
				CLANG_CXX_LANGUAGE_STANDARD = "gnu++14";
				CLANG_CXX_LIBRARY = "libc++";
				CLANG_ENABLE_MODULES = YES;
				CLANG_ENABLE_OBJC_ARC = YES;
				CLANG_ENABLE_OBJC_WEAK = YES;
				CLANG_WARN_BLOCK_CAPTURE_AUTORELEASING = YES;
				CLANG_WARN_BOOL_CONVERSION = YES;
				CLANG_WARN_COMMA = YES;
				CLANG_WARN_CONSTANT_CONVERSION = YES;
				CLANG_WARN_DEPRECATED_OBJC_IMPLEMENTATIONS = YES;
				CLANG_WARN_DIRECT_OBJC_ISA_USAGE = YES_ERROR;
				CLANG_WARN_DOCUMENTATION_COMMENTS = YES;
				CLANG_WARN_EMPTY_BODY = YES;
				CLANG_WARN_ENUM_CONVERSION = YES;
				CLANG_WARN_INFINITE_RECURSION = YES;
				CLANG_WARN_INT_CONVERSION = YES;
				CLANG_WARN_NON_LITERAL_NULL_CONVERSION = YES;
				CLANG_WARN_OBJC_IMPLICIT_RETAIN_SELF = YES;
				CLANG_WARN_OBJC_LITERAL_CONVERSION = YES;
				CLANG_WARN_OBJC_ROOT_CLASS = YES_ERROR;
				CLANG_WARN_RANGE_LOOP_ANALYSIS = YES;
				CLANG_WARN_STRICT_PROTOTYPES = YES;
				CLANG_WARN_SUSPICIOUS_MOVE = YES;
				CLANG_WARN_UNGUARDED_AVAILABILITY = YES_AGGRESSIVE;
				CLANG_WARN_UNREACHABLE_CODE = YES;
				CLANG_WARN__DUPLICATE_METHOD_MATCH = YES;
				CODE_SIGN_IDENTITY = "iPhone Developer";
				COPY_PHASE_STRIP = NO;
				DEBUG_INFORMATION_FORMAT = dwarf;
				ENABLE_STRICT_OBJC_MSGSEND = YES;
				ENABLE_TESTABILITY = YES;
				GCC_C_LANGUAGE_STANDARD = gnu11;
				GCC_DYNAMIC_NO_PIC = NO;
				GCC_NO_COMMON_BLOCKS = YES;
				GCC_OPTIMIZATION_LEVEL = 0;
				GCC_PREPROCESSOR_DEFINITIONS = (
					"DEBUG=1",
					"$(inherited)",
				);
				GCC_WARN_64_TO_32_BIT_CONVERSION = YES;
				GCC_WARN_ABOUT_RETURN_TYPE = YES_ERROR;
				GCC_WARN_UNDECLARED_SELECTOR = YES;
				GCC_WARN_UNINITIALIZED_AUTOS = YES_AGGRESSIVE;
				GCC_WARN_UNUSED_FUNCTION = YES;
				GCC_WARN_UNUSED_VARIABLE = YES;
				IPHONEOS_DEPLOYMENT_TARGET = 12.0;
				MTL_ENABLE_DEBUG_INFO = INCLUDE_SOURCE;
				MTL_FAST_MATH = YES;
				ONLY_ACTIVE_ARCH = YES;
				SDKROOT = iphoneos;
			};
			name = Debug;
		};
		CD37AA53224885F20011574A /* Release */ = {
			isa = XCBuildConfiguration;
			buildSettings = {
				ALWAYS_SEARCH_USER_PATHS = NO;
				CLANG_ANALYZER_NONNULL = YES;
				CLANG_ANALYZER_NUMBER_OBJECT_CONVERSION = YES_AGGRESSIVE;
				CLANG_CXX_LANGUAGE_STANDARD = "gnu++14";
				CLANG_CXX_LIBRARY = "libc++";
				CLANG_ENABLE_MODULES = YES;
				CLANG_ENABLE_OBJC_ARC = YES;
				CLANG_ENABLE_OBJC_WEAK = YES;
				CLANG_WARN_BLOCK_CAPTURE_AUTORELEASING = YES;
				CLANG_WARN_BOOL_CONVERSION = YES;
				CLANG_WARN_COMMA = YES;
				CLANG_WARN_CONSTANT_CONVERSION = YES;
				CLANG_WARN_DEPRECATED_OBJC_IMPLEMENTATIONS = YES;
				CLANG_WARN_DIRECT_OBJC_ISA_USAGE = YES_ERROR;
				CLANG_WARN_DOCUMENTATION_COMMENTS = YES;
				CLANG_WARN_EMPTY_BODY = YES;
				CLANG_WARN_ENUM_CONVERSION = YES;
				CLANG_WARN_INFINITE_RECURSION = YES;
				CLANG_WARN_INT_CONVERSION = YES;
				CLANG_WARN_NON_LITERAL_NULL_CONVERSION = YES;
				CLANG_WARN_OBJC_IMPLICIT_RETAIN_SELF = YES;
				CLANG_WARN_OBJC_LITERAL_CONVERSION = YES;
				CLANG_WARN_OBJC_ROOT_CLASS = YES_ERROR;
				CLANG_WARN_RANGE_LOOP_ANALYSIS = YES;
				CLANG_WARN_STRICT_PROTOTYPES = YES;
				CLANG_WARN_SUSPICIOUS_MOVE = YES;
				CLANG_WARN_UNGUARDED_AVAILABILITY = YES_AGGRESSIVE;
				CLANG_WARN_UNREACHABLE_CODE = YES;
				CLANG_WARN__DUPLICATE_METHOD_MATCH = YES;
				CODE_SIGN_IDENTITY = "iPhone Developer";
				COPY_PHASE_STRIP = NO;
				DEBUG_INFORMATION_FORMAT = "dwarf-with-dsym";
				ENABLE_NS_ASSERTIONS = NO;
				ENABLE_STRICT_OBJC_MSGSEND = YES;
				GCC_C_LANGUAGE_STANDARD = gnu11;
				GCC_NO_COMMON_BLOCKS = YES;
				GCC_WARN_64_TO_32_BIT_CONVERSION = YES;
				GCC_WARN_ABOUT_RETURN_TYPE = YES_ERROR;
				GCC_WARN_UNDECLARED_SELECTOR = YES;
				GCC_WARN_UNINITIALIZED_AUTOS = YES_AGGRESSIVE;
				GCC_WARN_UNUSED_FUNCTION = YES;
				GCC_WARN_UNUSED_VARIABLE = YES;
				IPHONEOS_DEPLOYMENT_TARGET = 12.0;
				MTL_ENABLE_DEBUG_INFO = NO;
				MTL_FAST_MATH = YES;
				SDKROOT = iphoneos;
				VALIDATE_PRODUCT = YES;
			};
			name = Release;
		};
		CD37AA55224885F20011574A /* Debug */ = {
			isa = XCBuildConfiguration;
			baseConfigurationReference = E64425265ECC34BDB95C94AE /* Pods-A_Category.debug.xcconfig */;
			buildSettings = {
				ASSETCATALOG_COMPILER_APPICON_NAME = AppIcon;
				CODE_SIGN_STYLE = Automatic;
				DEVELOPMENT_TEAM = 2TSTY2KK9Y;
				INFOPLIST_FILE = A_Category/Info.plist;
				LD_RUNPATH_SEARCH_PATHS = (
					"$(inherited)",
					"@executable_path/Frameworks",
				);
				PRODUCT_BUNDLE_IDENTIFIER = "com.Predator.mine.A-Category";
				PRODUCT_NAME = "$(TARGET_NAME)";
				TARGETED_DEVICE_FAMILY = "1,2";
			};
			name = Debug;
		};
		CD37AA56224885F20011574A /* Release */ = {
			isa = XCBuildConfiguration;
			baseConfigurationReference = 6620BF13884E70638381A957 /* Pods-A_Category.release.xcconfig */;
			buildSettings = {
				ASSETCATALOG_COMPILER_APPICON_NAME = AppIcon;
				CODE_SIGN_STYLE = Automatic;
				DEVELOPMENT_TEAM = 2TSTY2KK9Y;
				INFOPLIST_FILE = A_Category/Info.plist;
				LD_RUNPATH_SEARCH_PATHS = (
					"$(inherited)",
					"@executable_path/Frameworks",
				);
				PRODUCT_BUNDLE_IDENTIFIER = "com.Predator.mine.A-Category";
				PRODUCT_NAME = "$(TARGET_NAME)";
				TARGETED_DEVICE_FAMILY = "1,2";
			};
			name = Release;
		};
		CD37AA58224885F20011574A /* Debug */ = {
			isa = XCBuildConfiguration;
			buildSettings = {
				BUNDLE_LOADER = "$(TEST_HOST)";
				CODE_SIGN_STYLE = Automatic;
				DEVELOPMENT_TEAM = 2TSTY2KK9Y;
				INFOPLIST_FILE = A_CategoryTests/Info.plist;
				LD_RUNPATH_SEARCH_PATHS = (
					"$(inherited)",
					"@executable_path/Frameworks",
					"@loader_path/Frameworks",
				);
				PRODUCT_BUNDLE_IDENTIFIER = "com.Predator.mine.A-CategoryTests";
				PRODUCT_NAME = "$(TARGET_NAME)";
				TARGETED_DEVICE_FAMILY = "1,2";
				TEST_HOST = "$(BUILT_PRODUCTS_DIR)/A_Category.app/A_Category";
			};
			name = Debug;
		};
		CD37AA59224885F20011574A /* Release */ = {
			isa = XCBuildConfiguration;
			buildSettings = {
				BUNDLE_LOADER = "$(TEST_HOST)";
				CODE_SIGN_STYLE = Automatic;
				DEVELOPMENT_TEAM = 2TSTY2KK9Y;
				INFOPLIST_FILE = A_CategoryTests/Info.plist;
				LD_RUNPATH_SEARCH_PATHS = (
					"$(inherited)",
					"@executable_path/Frameworks",
					"@loader_path/Frameworks",
				);
				PRODUCT_BUNDLE_IDENTIFIER = "com.Predator.mine.A-CategoryTests";
				PRODUCT_NAME = "$(TARGET_NAME)";
				TARGETED_DEVICE_FAMILY = "1,2";
				TEST_HOST = "$(BUILT_PRODUCTS_DIR)/A_Category.app/A_Category";
			};
			name = Release;
		};
		CD37AA5B224885F20011574A /* Debug */ = {
			isa = XCBuildConfiguration;
			buildSettings = {
				CODE_SIGN_STYLE = Automatic;
				DEVELOPMENT_TEAM = 2TSTY2KK9Y;
				INFOPLIST_FILE = A_CategoryUITests/Info.plist;
				LD_RUNPATH_SEARCH_PATHS = (
					"$(inherited)",
					"@executable_path/Frameworks",
					"@loader_path/Frameworks",
				);
				PRODUCT_BUNDLE_IDENTIFIER = "com.Predator.mine.A-CategoryUITests";
				PRODUCT_NAME = "$(TARGET_NAME)";
				TARGETED_DEVICE_FAMILY = "1,2";
				TEST_TARGET_NAME = A_Category;
			};
			name = Debug;
		};
		CD37AA5C224885F20011574A /* Release */ = {
			isa = XCBuildConfiguration;
			buildSettings = {
				CODE_SIGN_STYLE = Automatic;
				DEVELOPMENT_TEAM = 2TSTY2KK9Y;
				INFOPLIST_FILE = A_CategoryUITests/Info.plist;
				LD_RUNPATH_SEARCH_PATHS = (
					"$(inherited)",
					"@executable_path/Frameworks",
					"@loader_path/Frameworks",
				);
				PRODUCT_BUNDLE_IDENTIFIER = "com.Predator.mine.A-CategoryUITests";
				PRODUCT_NAME = "$(TARGET_NAME)";
				TARGETED_DEVICE_FAMILY = "1,2";
				TEST_TARGET_NAME = A_Category;
			};
			name = Release;
		};
/* End XCBuildConfiguration section */

/* Begin XCConfigurationList section */
		CD37AA23224885F10011574A /* Build configuration list for PBXProject "A_Category" */ = {
			isa = XCConfigurationList;
			buildConfigurations = (
				CD37AA52224885F20011574A /* Debug */,
				CD37AA53224885F20011574A /* Release */,
			);
			defaultConfigurationIsVisible = 0;
			defaultConfigurationName = Release;
		};
		CD37AA54224885F20011574A /* Build configuration list for PBXNativeTarget "A_Category" */ = {
			isa = XCConfigurationList;
			buildConfigurations = (
				CD37AA55224885F20011574A /* Debug */,
				CD37AA56224885F20011574A /* Release */,
			);
			defaultConfigurationIsVisible = 0;
			defaultConfigurationName = Release;
		};
		CD37AA57224885F20011574A /* Build configuration list for PBXNativeTarget "A_CategoryTests" */ = {
			isa = XCConfigurationList;
			buildConfigurations = (
				CD37AA58224885F20011574A /* Debug */,
				CD37AA59224885F20011574A /* Release */,
			);
			defaultConfigurationIsVisible = 0;
			defaultConfigurationName = Release;
		};
		CD37AA5A224885F20011574A /* Build configuration list for PBXNativeTarget "A_CategoryUITests" */ = {
			isa = XCConfigurationList;
			buildConfigurations = (
				CD37AA5B224885F20011574A /* Debug */,
				CD37AA5C224885F20011574A /* Release */,
			);
			defaultConfigurationIsVisible = 0;
			defaultConfigurationName = Release;
		};
/* End XCConfigurationList section */
	};
	rootObject = CD37AA20224885F10011574A /* Project object */;
}
